
Microsoft Visual Studio Solution File, Format Version 12.00
# Visual Studio Version 17
VisualStudioVersion = 17.14.36511.14 d17.14
MinimumVisualStudioVersion = 10.0.40219.1
Project("{FAE04EC0-301F-11D3-BF4B-00C04F79EFBC}") = "Day06", "Day06\Day06.csproj", "{55F31D34-02A4-45D6-94BE-B915A1B5F539}"
EndProject
Global
	GlobalSection(SolutionConfigurationPlatforms) = preSolution
		Debug|Any CPU = Debug|Any CPU
		Release|Any CPU = Release|Any CPU
	EndGlobalSection
	GlobalSection(ProjectConfigurationPlatforms) = postSolution
		{55F31D34-02A4-45D6-94BE-B915A1B5F539}.Debug|Any CPU.ActiveCfg = Debug|Any CPU
		{55F31D34-02A4-45D6-94BE-B915A1B5F539}.Debug|Any CPU.Build.0 = Debug|Any CPU
		{55F31D34-02A4-45D6-94BE-B915A1B5F539}.Release|Any CPU.ActiveCfg = Release|Any CPU
		{55F31D34-02A4-45D6-94BE-B915A1B5F539}.Release|Any CPU.Build.0 = Release|Any CPU
	EndGlobalSection
	GlobalSection(SolutionProperties) = preSolution
		HideSolutionNode = FALSE
	EndGlobalSection
	GlobalSection(ExtensibilityGlobals) = postSolution
		SolutionGuid = {1D4A82EB-4120-49C7-BC1D-18C6BE6BBDB6}
	EndGlobalSection
EndGlobal
