
Microsoft Visual Studio Solution File, Format Version 12.00
# Visual Studio Version 17
VisualStudioVersion = 17.14.36518.9 d17.14
MinimumVisualStudioVersion = 10.0.40219.1
Project("{FAE04EC0-301F-11D3-BF4B-00C04F79EFBC}") = "BookStore", "BookStore\BookStore.csproj", "{5E880581-7D5D-46A6-B306-40DC78409639}"
EndProject
Global
	GlobalSection(SolutionConfigurationPlatforms) = preSolution
		Debug|Any CPU = Debug|Any CPU
		Release|Any CPU = Release|Any CPU
	EndGlobalSection
	GlobalSection(ProjectConfigurationPlatforms) = postSolution
		{5E880581-7D5D-46A6-B306-40DC78409639}.Debug|Any CPU.ActiveCfg = Debug|Any CPU
		{5E880581-7D5D-46A6-B306-40DC78409639}.Debug|Any CPU.Build.0 = Debug|Any CPU
		{5E880581-7D5D-46A6-B306-40DC78409639}.Release|Any CPU.ActiveCfg = Release|Any CPU
		{5E880581-7D5D-46A6-B306-40DC78409639}.Release|Any CPU.Build.0 = Release|Any CPU
	EndGlobalSection
	GlobalSection(SolutionProperties) = preSolution
		HideSolutionNode = FALSE
	EndGlobalSection
	GlobalSection(ExtensibilityGlobals) = postSolution
		SolutionGuid = {D5ED43B8-05BD-4455-86D5-6BB83E1E40CC}
	EndGlobalSection
EndGlobal
