
Microsoft Visual Studio Solution File, Format Version 12.00
# Visual Studio Version 17
VisualStudioVersion = 17.14.36401.2 d17.14
MinimumVisualStudioVersion = 10.0.40219.1
Project("{FAE04EC0-301F-11D3-BF4B-00C04F79EFBC}") = "WebApplication1", "WebApplication1\WebApplication1.csproj", "{7C2B146E-38AC-424A-9BDD-8E68D4395788}"
EndProject
Global
	GlobalSection(SolutionConfigurationPlatforms) = preSolution
		Debug|Any CPU = Debug|Any CPU
		Release|Any CPU = Release|Any CPU
	EndGlobalSection
	GlobalSection(ProjectConfigurationPlatforms) = postSolution
		{7C2B146E-38AC-424A-9BDD-8E68D4395788}.Debug|Any CPU.ActiveCfg = Debug|Any CPU
		{7C2B146E-38AC-424A-9BDD-8E68D4395788}.Debug|Any CPU.Build.0 = Debug|Any CPU
		{7C2B146E-38AC-424A-9BDD-8E68D4395788}.Release|Any CPU.ActiveCfg = Release|Any CPU
		{7C2B146E-38AC-424A-9BDD-8E68D4395788}.Release|Any CPU.Build.0 = Release|Any CPU
	EndGlobalSection
	GlobalSection(SolutionProperties) = preSolution
		HideSolutionNode = FALSE
	EndGlobalSection
	GlobalSection(ExtensibilityGlobals) = postSolution
		SolutionGuid = {A317AC5E-7F1B-4707-8D23-EEB1F5BEB993}
	EndGlobalSection
EndGlobal
