
Microsoft Visual Studio Solution File, Format Version 12.00
# Visual Studio Version 17
VisualStudioVersion = 17.14.36518.9 d17.14
MinimumVisualStudioVersion = 10.0.40219.1
Project("{FAE04EC0-301F-11D3-BF4B-00C04F79EFBC}") = "ThucHanh03", "ThucHanh03\ThucHanh03.csproj", "{DF917C85-9ED8-4BF9-BB91-11D9DCE07BEF}"
EndProject
Global
	GlobalSection(SolutionConfigurationPlatforms) = preSolution
		Debug|Any CPU = Debug|Any CPU
		Release|Any CPU = Release|Any CPU
	EndGlobalSection
	GlobalSection(ProjectConfigurationPlatforms) = postSolution
		{DF917C85-9ED8-4BF9-BB91-11D9DCE07BEF}.Debug|Any CPU.ActiveCfg = Debug|Any CPU
		{DF917C85-9ED8-4BF9-BB91-11D9DCE07BEF}.Debug|Any CPU.Build.0 = Debug|Any CPU
		{DF917C85-9ED8-4BF9-BB91-11D9DCE07BEF}.Release|Any CPU.ActiveCfg = Release|Any CPU
		{DF917C85-9ED8-4BF9-BB91-11D9DCE07BEF}.Release|Any CPU.Build.0 = Release|Any CPU
	EndGlobalSection
	GlobalSection(SolutionProperties) = preSolution
		HideSolutionNode = FALSE
	EndGlobalSection
	GlobalSection(ExtensibilityGlobals) = postSolution
		SolutionGuid = {C7151D1D-E487-4B1E-9269-3B5C9B3D2D6D}
	EndGlobalSection
EndGlobal
