
Microsoft Visual Studio Solution File, Format Version 12.00
# Visual Studio Version 17
VisualStudioVersion = 17.14.36511.14 d17.14
MinimumVisualStudioVersion = 10.0.40219.1
Project("{FAE04EC0-301F-11D3-BF4B-00C04F79EFBC}") = "HandOn_Day6", "HandOn_Day6\HandOn_Day6.csproj", "{C2053F2F-D828-4232-9CC9-F39F533307AA}"
EndProject
Global
	GlobalSection(SolutionConfigurationPlatforms) = preSolution
		Debug|Any CPU = Debug|Any CPU
		Release|Any CPU = Release|Any CPU
	EndGlobalSection
	GlobalSection(ProjectConfigurationPlatforms) = postSolution
		{C2053F2F-D828-4232-9CC9-F39F533307AA}.Debug|Any CPU.ActiveCfg = Debug|Any CPU
		{C2053F2F-D828-4232-9CC9-F39F533307AA}.Debug|Any CPU.Build.0 = Debug|Any CPU
		{C2053F2F-D828-4232-9CC9-F39F533307AA}.Release|Any CPU.ActiveCfg = Release|Any CPU
		{C2053F2F-D828-4232-9CC9-F39F533307AA}.Release|Any CPU.Build.0 = Release|Any CPU
	EndGlobalSection
	GlobalSection(SolutionProperties) = preSolution
		HideSolutionNode = FALSE
	EndGlobalSection
	GlobalSection(ExtensibilityGlobals) = postSolution
		SolutionGuid = {6D8CF3AD-6DB9-4523-B46E-575D3372FB23}
	EndGlobalSection
EndGlobal
